// !$*UTF8*$!
{
	archiveVersion = 1;
	classes = {
	};
	objectVersion = 46;
	objects = {

/* Begin PBXBuildFile section */
		3AC4828A1C6C672F00137FF5 /* AppDelegate.swift in Sources */ = {isa = PBXBuildFile; fileRef = 3AC482891C6C672F00137FF5 /* AppDelegate.swift */; };
		3AC4828C1C6C672F00137FF5 /* ViewController.swift in Sources */ = {isa = PBXBuildFile; fileRef = 3AC4828B1C6C672F00137FF5 /* ViewController.swift */; };
		3AC4828F1C6C672F00137FF5 /* Main.storyboard in Resources */ = {isa = PBXBuildFile; fileRef = 3AC4828D1C6C672F00137FF5 /* Main.storyboard */; };
		3AC482921C6C672F00137FF5 /* TodoApp.xcdatamodeld in Sources */ = {isa = PBXBuildFile; fileRef = 3AC482901C6C672F00137FF5 /* TodoApp.xcdatamodeld */; };
		3AC482941C6C672F00137FF5 /* Assets.xcassets in Resources */ = {isa = PBXBuildFile; fileRef = 3AC482931C6C672F00137FF5 /* Assets.xcassets */; };
		3AC482971C6C672F00137FF5 /* LaunchScreen.storyboard in Resources */ = {isa = PBXBuildFile; fileRef = 3AC482951C6C672F00137FF5 /* LaunchScreen.storyboard */; };
		3AC482A21C6C672F00137FF5 /* TodoAppTests.swift in Sources */ = {isa = PBXBuildFile; fileRef = 3AC482A11C6C672F00137FF5 /* TodoAppTests.swift */; };
		3AC482AD1C6C672F00137FF5 /* TodoAppUITests.swift in Sources */ = {isa = PBXBuildFile; fileRef = 3AC482AC1C6C672F00137FF5 /* TodoAppUITests.swift */; };
		B72F1D437E5AD00E5B870A4E /* libPods-TodoApp.a in Frameworks */ = {isa = PBXBuildFile; fileRef = EBC3B830F866342E8B4D8EBA /* libPods-TodoApp.a */; };
/* End PBXBuildFile section */

/* Begin PBXContainerItemProxy section */
		3AC4829E1C6C672F00137FF5 /* PBXContainerItemProxy */ = {
			isa = PBXContainerItemProxy;
			containerPortal = 3AC4827E1C6C672F00137FF5 /* Project object */;
			proxyType = 1;
			remoteGlobalIDString = 3AC482851C6C672F00137FF5;
			remoteInfo = TodoApp;
		};
		3AC482A91C6C672F00137FF5 /* PBXContainerItemProxy */ = {
			isa = PBXContainerItemProxy;
			containerPortal = 3AC4827E1C6C672F00137FF5 /* Project object */;
			proxyType = 1;
			remoteGlobalIDString = 3AC482851C6C672F00137FF5;
			remoteInfo = TodoApp;
		};
/* End PBXContainerItemProxy section */

/* Begin PBXFileReference section */
		3AC482861C6C672F00137FF5 /* TodoApp.app */ = {isa = PBXFileReference; explicitFileType = wrapper.application; includeInIndex = 0; path = TodoApp.app; sourceTree = BUILT_PRODUCTS_DIR; };
		3AC482891C6C672F00137FF5 /* AppDelegate.swift */ = {isa = PBXFileReference; lastKnownFileType = sourcecode.swift; path = AppDelegate.swift; sourceTree = "<group>"; };
		3AC4828B1C6C672F00137FF5 /* ViewController.swift */ = {isa = PBXFileReference; lastKnownFileType = sourcecode.swift; path = ViewController.swift; sourceTree = "<group>"; };
		3AC4828E1C6C672F00137FF5 /* Base */ = {isa = PBXFileReference; lastKnownFileType = file.storyboard; name = Base; path = Base.lproj/Main.storyboard; sourceTree = "<group>"; };
		3AC482911C6C672F00137FF5 /* TodoApp.xcdatamodel */ = {isa = PBXFileReference; lastKnownFileType = wrapper.xcdatamodel; path = TodoApp.xcdatamodel; sourceTree = "<group>"; };
		3AC482931C6C672F00137FF5 /* Assets.xcassets */ = {isa = PBXFileReference; lastKnownFileType = folder.assetcatalog; path = Assets.xcassets; sourceTree = "<group>"; };
		3AC482961C6C672F00137FF5 /* Base */ = {isa = PBXFileReference; lastKnownFileType = file.storyboard; name = Base; path = Base.lproj/LaunchScreen.storyboard; sourceTree = "<group>"; };
		3AC482981C6C672F00137FF5 /* Info.plist */ = {isa = PBXFileReference; lastKnownFileType = text.plist.xml; path = Info.plist; sourceTree = "<group>"; };
		3AC4829D1C6C672F00137FF5 /* TodoAppTests.xctest */ = {isa = PBXFileReference; explicitFileType = wrapper.cfbundle; includeInIndex = 0; path = TodoAppTests.xctest; sourceTree = BUILT_PRODUCTS_DIR; };
		3AC482A11C6C672F00137FF5 /* TodoAppTests.swift */ = {isa = PBXFileReference; lastKnownFileType = sourcecode.swift; path = TodoAppTests.swift; sourceTree = "<group>"; };
		3AC482A31C6C672F00137FF5 /* Info.plist */ = {isa = PBXFileReference; lastKnownFileType = text.plist.xml; path = Info.plist; sourceTree = "<group>"; };
		3AC482A81C6C672F00137FF5 /* TodoAppUITests.xctest */ = {isa = PBXFileReference; explicitFileType = wrapper.cfbundle; includeInIndex = 0; path = TodoAppUITests.xctest; sourceTree = BUILT_PRODUCTS_DIR; };
		3AC482AC1C6C672F00137FF5 /* TodoAppUITests.swift */ = {isa = PBXFileReference; lastKnownFileType = sourcecode.swift; path = TodoAppUITests.swift; sourceTree = "<group>"; };
		3AC482AE1C6C672F00137FF5 /* Info.plist */ = {isa = PBXFileReference; lastKnownFileType = text.plist.xml; path = Info.plist; sourceTree = "<group>"; };
		4E8D2440D9EBD904CE4F04C0 /* Pods-TodoApp.debug.xcconfig */ = {isa = PBXFileReference; includeInIndex = 1; lastKnownFileType = text.xcconfig; name = "Pods-TodoApp.debug.xcconfig"; path = "Pods/Target Support Files/Pods-TodoApp/Pods-TodoApp.debug.xcconfig"; sourceTree = "<group>"; };
		55CD2AE35971795ED6FFB0A7 /* Pods-TodoApp.release.xcconfig */ = {isa = PBXFileReference; includeInIndex = 1; lastKnownFileType = text.xcconfig; name = "Pods-TodoApp.release.xcconfig"; path = "Pods/Target Support Files/Pods-TodoApp/Pods-TodoApp.release.xcconfig"; sourceTree = "<group>"; };
		EBC3B830F866342E8B4D8EBA /* libPods-TodoApp.a */ = {isa = PBXFileReference; explicitFileType = archive.ar; includeInIndex = 0; path = "libPods-TodoApp.a"; sourceTree = BUILT_PRODUCTS_DIR; };
/* End PBXFileReference section */

/* Begin PBXFrameworksBuildPhase section */
		3AC482831C6C672F00137FF5 /* Frameworks */ = {
			isa = PBXFrameworksBuildPhase;
			buildActionMask = 2147483647;
			files = (
				B72F1D437E5AD00E5B870A4E /* libPods-TodoApp.a in Frameworks */,
			);
			runOnlyForDeploymentPostprocessing = 0;
		};
		3AC4829A1C6C672F00137FF5 /* Frameworks */ = {
			isa = PBXFrameworksBuildPhase;
			buildActionMask = 2147483647;
			files = (
			);
			runOnlyForDeploymentPostprocessing = 0;
		};
		3AC482A51C6C672F00137FF5 /* Frameworks */ = {
			isa = PBXFrameworksBuildPhase;
			buildActionMask = 2147483647;
			files = (
			);
			runOnlyForDeploymentPostprocessing = 0;
		};
/* End PBXFrameworksBuildPhase section */

/* Begin PBXGroup section */
		3AC4827D1C6C672F00137FF5 = {
			isa = PBXGroup;
			children = (
				3AC482881C6C672F00137FF5 /* TodoApp */,
				3AC482A01C6C672F00137FF5 /* TodoAppTests */,
				3AC482AB1C6C672F00137FF5 /* TodoAppUITests */,
				3AC482871C6C672F00137FF5 /* Products */,
				FF98710279A3E7873A7B6365 /* Pods */,
				96A4EF9BD7AC469DA427556D /* Frameworks */,
			);
			sourceTree = "<group>";
		};
		3AC482871C6C672F00137FF5 /* Products */ = {
			isa = PBXGroup;
			children = (
				3AC482861C6C672F00137FF5 /* TodoApp.app */,
				3AC4829D1C6C672F00137FF5 /* TodoAppTests.xctest */,
				3AC482A81C6C672F00137FF5 /* TodoAppUITests.xctest */,
			);
			name = Products;
			sourceTree = "<group>";
		};
		3AC482881C6C672F00137FF5 /* TodoApp */ = {
			isa = PBXGroup;
			children = (
				3AC482891C6C672F00137FF5 /* AppDelegate.swift */,
				3AC4828B1C6C672F00137FF5 /* ViewController.swift */,
				3AC4828D1C6C672F00137FF5 /* Main.storyboard */,
				3AC482931C6C672F00137FF5 /* Assets.xcassets */,
				3AC482951C6C672F00137FF5 /* LaunchScreen.storyboard */,
				3AC482981C6C672F00137FF5 /* Info.plist */,
				3AC482901C6C672F00137FF5 /* TodoApp.xcdatamodeld */,
			);
			path = TodoApp;
			sourceTree = "<group>";
		};
		3AC482A01C6C672F00137FF5 /* TodoAppTests */ = {
			isa = PBXGroup;
			children = (
				3AC482A11C6C672F00137FF5 /* TodoAppTests.swift */,
				3AC482A31C6C672F00137FF5 /* Info.plist */,
			);
			path = TodoAppTests;
			sourceTree = "<group>";
		};
		3AC482AB1C6C672F00137FF5 /* TodoAppUITests */ = {
			isa = PBXGroup;
			children = (
				3AC482AC1C6C672F00137FF5 /* TodoAppUITests.swift */,
				3AC482AE1C6C672F00137FF5 /* Info.plist */,
			);
			path = TodoAppUITests;
			sourceTree = "<group>";
		};
		96A4EF9BD7AC469DA427556D /* Frameworks */ = {
			isa = PBXGroup;
			children = (
				EBC3B830F866342E8B4D8EBA /* libPods-TodoApp.a */,
			);
			name = Frameworks;
			sourceTree = "<group>";
		};
		FF98710279A3E7873A7B6365 /* Pods */ = {
			isa = PBXGroup;
			children = (
				4E8D2440D9EBD904CE4F04C0 /* Pods-TodoApp.debug.xcconfig */,
				55CD2AE35971795ED6FFB0A7 /* Pods-TodoApp.release.xcconfig */,
			);
			name = Pods;
			sourceTree = "<group>";
		};
/* End PBXGroup section */

/* Begin PBXNativeTarget section */
		3AC482851C6C672F00137FF5 /* TodoApp */ = {
			isa = PBXNativeTarget;
			buildConfigurationList = 3AC482B11C6C672F00137FF5 /* Build configuration list for PBXNativeTarget "TodoApp" */;
			buildPhases = (
				A8E346D36365F958B6FE8F09 /* Check Pods Manifest.lock */,
				3AC482821C6C672F00137FF5 /* Sources */,
				3AC482831C6C672F00137FF5 /* Frameworks */,
				3AC482841C6C672F00137FF5 /* Resources */,
				54C14D1D15C0C886B1C5A850 /* Embed Pods Frameworks */,
				528D7863708E04872D9DDB4A /* Copy Pods Resources */,
			);
			buildRules = (
			);
			dependencies = (
			);
			name = TodoApp;
			productName = TodoApp;
			productReference = 3AC482861C6C672F00137FF5 /* TodoApp.app */;
			productType = "com.apple.product-type.application";
		};
		3AC4829C1C6C672F00137FF5 /* TodoAppTests */ = {
			isa = PBXNativeTarget;
			buildConfigurationList = 3AC482B41C6C672F00137FF5 /* Build configuration list for PBXNativeTarget "TodoAppTests" */;
			buildPhases = (
				3AC482991C6C672F00137FF5 /* Sources */,
				3AC4829A1C6C672F00137FF5 /* Frameworks */,
				3AC4829B1C6C672F00137FF5 /* Resources */,
			);
			buildRules = (
			);
			dependencies = (
				3AC4829F1C6C672F00137FF5 /* PBXTargetDependency */,
			);
			name = TodoAppTests;
			productName = TodoAppTests;
			productReference = 3AC4829D1C6C672F00137FF5 /* TodoAppTests.xctest */;
			productType = "com.apple.product-type.bundle.unit-test";
		};
		3AC482A71C6C672F00137FF5 /* TodoAppUITests */ = {
			isa = PBXNativeTarget;
			buildConfigurationList = 3AC482B71C6C672F00137FF5 /* Build configuration list for PBXNativeTarget "TodoAppUITests" */;
			buildPhases = (
				3AC482A41C6C672F00137FF5 /* Sources */,
				3AC482A51C6C672F00137FF5 /* Frameworks */,
				3AC482A61C6C672F00137FF5 /* Resources */,
			);
			buildRules = (
			);
			dependencies = (
				3AC482AA1C6C672F00137FF5 /* PBXTargetDependency */,
			);
			name = TodoAppUITests;
			productName = TodoAppUITests;
			productReference = 3AC482A81C6C672F00137FF5 /* TodoAppUITests.xctest */;
			productType = "com.apple.product-type.bundle.ui-testing";
		};
/* End PBXNativeTarget section */

/* Begin PBXProject section */
		3AC4827E1C6C672F00137FF5 /* Project object */ = {
			isa = PBXProject;
			attributes = {
				LastSwiftUpdateCheck = 0720;
				LastUpgradeCheck = 0720;
				ORGANIZATIONNAME = "Kaori Sawamura";
				TargetAttributes = {
					3AC482851C6C672F00137FF5 = {
						CreatedOnToolsVersion = 7.2;
						DevelopmentTeam = 4GZ8V7R4T5;
					};
					3AC4829C1C6C672F00137FF5 = {
						CreatedOnToolsVersion = 7.2;
						DevelopmentTeam = 4GZ8V7R4T5;
						TestTargetID = 3AC482851C6C672F00137FF5;
					};
					3AC482A71C6C672F00137FF5 = {
						CreatedOnToolsVersion = 7.2;
						DevelopmentTeam = 4GZ8V7R4T5;
						TestTargetID = 3AC482851C6C672F00137FF5;
					};
				};
			};
			buildConfigurationList = 3AC482811C6C672F00137FF5 /* Build configuration list for PBXProject "TodoApp" */;
			compatibilityVersion = "Xcode 3.2";
			developmentRegion = English;
			hasScannedForEncodings = 0;
			knownRegions = (
				en,
				Base,
			);
			mainGroup = 3AC4827D1C6C672F00137FF5;
			productRefGroup = 3AC482871C6C672F00137FF5 /* Products */;
			projectDirPath = "";
			projectRoot = "";
			targets = (
				3AC482851C6C672F00137FF5 /* TodoApp */,
				3AC4829C1C6C672F00137FF5 /* TodoAppTests */,
				3AC482A71C6C672F00137FF5 /* TodoAppUITests */,
			);
		};
/* End PBXProject section */

/* Begin PBXResourcesBuildPhase section */
		3AC482841C6C672F00137FF5 /* Resources */ = {
			isa = PBXResourcesBuildPhase;
			buildActionMask = 2147483647;
			files = (
				3AC482971C6C672F00137FF5 /* LaunchScreen.storyboard in Resources */,
				3AC482941C6C672F00137FF5 /* Assets.xcassets in Resources */,
				3AC4828F1C6C672F00137FF5 /* Main.storyboard in Resources */,
			);
			runOnlyForDeploymentPostprocessing = 0;
		};
		3AC4829B1C6C672F00137FF5 /* Resources */ = {
			isa = PBXResourcesBuildPhase;
			buildActionMask = 2147483647;
			files = (
			);
			runOnlyForDeploymentPostprocessing = 0;
		};
		3AC482A61C6C672F00137FF5 /* Resources */ = {
			isa = PBXResourcesBuildPhase;
			buildActionMask = 2147483647;
			files = (
			);
			runOnlyForDeploymentPostprocessing = 0;
		};
/* End PBXResourcesBuildPhase section */

/* Begin PBXShellScriptBuildPhase section */
		528D7863708E04872D9DDB4A /* Copy Pods Resources */ = {
			isa = PBXShellScriptBuildPhase;
			buildActionMask = 2147483647;
			files = (
			);
			inputPaths = (
			);
			name = "Copy Pods Resources";
			outputPaths = (
			);
			runOnlyForDeploymentPostprocessing = 0;
			shellPath = /bin/sh;
			shellScript = "\"${SRCROOT}/Pods/Target Support Files/Pods-TodoApp/Pods-TodoApp-resources.sh\"\n";
			showEnvVarsInLog = 0;
		};
		54C14D1D15C0C886B1C5A850 /* Embed Pods Frameworks */ = {
			isa = PBXShellScriptBuildPhase;
			buildActionMask = 2147483647;
			files = (
			);
			inputPaths = (
			);
			name = "Embed Pods Frameworks";
			outputPaths = (
			);
			runOnlyForDeploymentPostprocessing = 0;
			shellPath = /bin/sh;
			shellScript = "\"${SRCROOT}/Pods/Target Support Files/Pods-TodoApp/Pods-TodoApp-frameworks.sh\"\n";
			showEnvVarsInLog = 0;
		};
		A8E346D36365F958B6FE8F09 /* Check Pods Manifest.lock */ = {
			isa = PBXShellScriptBuildPhase;
			buildActionMask = 2147483647;
			files = (
			);
			inputPaths = (
			);
			name = "Check Pods Manifest.lock";
			outputPaths = (
			);
			runOnlyForDeploymentPostprocessing = 0;
			shellPath = /bin/sh;
			shellScript = "diff \"${PODS_ROOT}/../Podfile.lock\" \"${PODS_ROOT}/Manifest.lock\" > /dev/null\nif [[ $? != 0 ]] ; then\n    cat << EOM\nerror: The sandbox is not in sync with the Podfile.lock. Run 'pod install' or update your CocoaPods installation.\nEOM\n    exit 1\nfi\n";
			showEnvVarsInLog = 0;
		};
/* End PBXShellScriptBuildPhase section */

/* Begin PBXSourcesBuildPhase section */
		3AC482821C6C672F00137FF5 /* Sources */ = {
			isa = PBXSourcesBuildPhase;
			buildActionMask = 2147483647;
			files = (
				3AC4828C1C6C672F00137FF5 /* ViewController.swift in Sources */,
				3AC482921C6C672F00137FF5 /* TodoApp.xcdatamodeld in Sources */,
				3AC4828A1C6C672F00137FF5 /* AppDelegate.swift in Sources */,
			);
			runOnlyForDeploymentPostprocessing = 0;
		};
		3AC482991C6C672F00137FF5 /* Sources */ = {
			isa = PBXSourcesBuildPhase;
			buildActionMask = 2147483647;
			files = (
				3AC482A21C6C672F00137FF5 /* TodoAppTests.swift in Sources */,
			);
			runOnlyForDeploymentPostprocessing = 0;
		};
		3AC482A41C6C672F00137FF5 /* Sources */ = {
			isa = PBXSourcesBuildPhase;
			buildActionMask = 2147483647;
			files = (
				3AC482AD1C6C672F00137FF5 /* TodoAppUITests.swift in Sources */,
			);
			runOnlyForDeploymentPostprocessing = 0;
		};
/* End PBXSourcesBuildPhase section */

/* Begin PBXTargetDependency section */
		3AC4829F1C6C672F00137FF5 /* PBXTargetDependency */ = {
			isa = PBXTargetDependency;
			target = 3AC482851C6C672F00137FF5 /* TodoApp */;
			targetProxy = 3AC4829E1C6C672F00137FF5 /* PBXContainerItemProxy */;
		};
		3AC482AA1C6C672F00137FF5 /* PBXTargetDependency */ = {
			isa = PBXTargetDependency;
			target = 3AC482851C6C672F00137FF5 /* TodoApp */;
			targetProxy = 3AC482A91C6C672F00137FF5 /* PBXContainerItemProxy */;
		};
/* End PBXTargetDependency section */

/* Begin PBXVariantGroup section */
		3AC4828D1C6C672F00137FF5 /* Main.storyboard */ = {
			isa = PBXVariantGroup;
			children = (
				3AC4828E1C6C672F00137FF5 /* Base */,
			);
			name = Main.storyboard;
			sourceTree = "<group>";
		};
		3AC482951C6C672F00137FF5 /* LaunchScreen.storyboard */ = {
			isa = PBXVariantGroup;
			children = (
				3AC482961C6C672F00137FF5 /* Base */,
			);
			name = LaunchScreen.storyboard;
			sourceTree = "<group>";
		};
/* End PBXVariantGroup section */

/* Begin XCBuildConfiguration section */
		3AC482AF1C6C672F00137FF5 /* Debug */ = {
			isa = XCBuildConfiguration;
			buildSettings = {
				ALWAYS_SEARCH_USER_PATHS = NO;
				CLANG_CXX_LANGUAGE_STANDARD = "gnu++0x";
				CLANG_CXX_LIBRARY = "libc++";
				CLANG_ENABLE_MODULES = YES;
				CLANG_ENABLE_OBJC_ARC = YES;
				CLANG_WARN_BOOL_CONVERSION = YES;
				CLANG_WARN_CONSTANT_CONVERSION = YES;
				CLANG_WARN_DIRECT_OBJC_ISA_USAGE = YES_ERROR;
				CLANG_WARN_EMPTY_BODY = YES;
				CLANG_WARN_ENUM_CONVERSION = YES;
				CLANG_WARN_INT_CONVERSION = YES;
				CLANG_WARN_OBJC_ROOT_CLASS = YES_ERROR;
				CLANG_WARN_UNREACHABLE_CODE = YES;
				CLANG_WARN__DUPLICATE_METHOD_MATCH = YES;
				"CODE_SIGN_IDENTITY[sdk=iphoneos*]" = "iPhone Developer";
				COPY_PHASE_STRIP = NO;
				DEBUG_INFORMATION_FORMAT = dwarf;
				ENABLE_STRICT_OBJC_MSGSEND = YES;
				ENABLE_TESTABILITY = YES;
				GCC_C_LANGUAGE_STANDARD = gnu99;
				GCC_DYNAMIC_NO_PIC = NO;
				GCC_NO_COMMON_BLOCKS = YES;
				GCC_OPTIMIZATION_LEVEL = 0;
				GCC_PREPROCESSOR_DEFINITIONS = (
					"DEBUG=1",
					"$(inherited)",
				);
				GCC_WARN_64_TO_32_BIT_CONVERSION = YES;
				GCC_WARN_ABOUT_RETURN_TYPE = YES_ERROR;
				GCC_WARN_UNDECLARED_SELECTOR = YES;
				GCC_WARN_UNINITIALIZED_AUTOS = YES_AGGRESSIVE;
				GCC_WARN_UNUSED_FUNCTION = YES;
				GCC_WARN_UNUSED_VARIABLE = YES;
				IPHONEOS_DEPLOYMENT_TARGET = 9.2;
				MTL_ENABLE_DEBUG_INFO = YES;
				ONLY_ACTIVE_ARCH = YES;
				SDKROOT = iphoneos;
				SWIFT_OPTIMIZATION_LEVEL = "-Onone";
			};
			name = Debug;
		};
		3AC482B01C6C672F00137FF5 /* Release */ = {
			isa = XCBuildConfiguration;
			buildSettings = {
				ALWAYS_SEARCH_USER_PATHS = NO;
				CLANG_CXX_LANGUAGE_STANDARD = "gnu++0x";
				CLANG_CXX_LIBRARY = "libc++";
				CLANG_ENABLE_MODULES = YES;
				CLANG_ENABLE_OBJC_ARC = YES;
				CLANG_WARN_BOOL_CONVERSION = YES;
				CLANG_WARN_CONSTANT_CONVERSION = YES;
				CLANG_WARN_DIRECT_OBJC_ISA_USAGE = YES_ERROR;
				CLANG_WARN_EMPTY_BODY = YES;
				CLANG_WARN_ENUM_CONVERSION = YES;
				CLANG_WARN_INT_CONVERSION = YES;
				CLANG_WARN_OBJC_ROOT_CLASS = YES_ERROR;
				CLANG_WARN_UNREACHABLE_CODE = YES;
				CLANG_WARN__DUPLICATE_METHOD_MATCH = YES;
				"CODE_SIGN_IDENTITY[sdk=iphoneos*]" = "iPhone Developer";
				COPY_PHASE_STRIP = NO;
				DEBUG_INFORMATION_FORMAT = "dwarf-with-dsym";
				ENABLE_NS_ASSERTIONS = NO;
				ENABLE_STRICT_OBJC_MSGSEND = YES;
				GCC_C_LANGUAGE_STANDARD = gnu99;
				GCC_NO_COMMON_BLOCKS = YES;
				GCC_WARN_64_TO_32_BIT_CONVERSION = YES;
				GCC_WARN_ABOUT_RETURN_TYPE = YES_ERROR;
				GCC_WARN_UNDECLARED_SELECTOR = YES;
				GCC_WARN_UNINITIALIZED_AUTOS = YES_AGGRESSIVE;
				GCC_WARN_UNUSED_FUNCTION = YES;
				GCC_WARN_UNUSED_VARIABLE = YES;
				IPHONEOS_DEPLOYMENT_TARGET = 9.2;
				MTL_ENABLE_DEBUG_INFO = NO;
				SDKROOT = iphoneos;
				VALIDATE_PRODUCT = YES;
			};
			name = Release;
		};
		3AC482B21C6C672F00137FF5 /* Debug */ = {
			isa = XCBuildConfiguration;
			baseConfigurationReference = 4E8D2440D9EBD904CE4F04C0 /* Pods-TodoApp.debug.xcconfig */;
			buildSettings = {
				ASSETCATALOG_COMPILER_APPICON_NAME = AppIcon;
				INFOPLIST_FILE = TodoApp/Info.plist;
				LD_RUNPATH_SEARCH_PATHS = "$(inherited) @executable_path/Frameworks";
				PRODUCT_BUNDLE_IDENTIFIER = com.sample.TodoApp;
				PRODUCT_NAME = "$(TARGET_NAME)";
			};
			name = Debug;
		};
		3AC482B31C6C672F00137FF5 /* Release */ = {
			isa = XCBuildConfiguration;
			baseConfigurationReference = 55CD2AE35971795ED6FFB0A7 /* Pods-TodoApp.release.xcconfig */;
			buildSettings = {
				ASSETCATALOG_COMPILER_APPICON_NAME = AppIcon;
				INFOPLIST_FILE = TodoApp/Info.plist;
				LD_RUNPATH_SEARCH_PATHS = "$(inherited) @executable_path/Frameworks";
				PRODUCT_BUNDLE_IDENTIFIER = com.sample.TodoApp;
				PRODUCT_NAME = "$(TARGET_NAME)";
			};
			name = Release;
		};
		3AC482B51C6C672F00137FF5 /* Debug */ = {
			isa = XCBuildConfiguration;
			buildSettings = {
				BUNDLE_LOADER = "$(TEST_HOST)";
				INFOPLIST_FILE = TodoAppTests/Info.plist;
				LD_RUNPATH_SEARCH_PATHS = "$(inherited) @executable_path/Frameworks @loader_path/Frameworks";
				PRODUCT_BUNDLE_IDENTIFIER = com.sample.TodoAppTests;
				PRODUCT_NAME = "$(TARGET_NAME)";
				TEST_HOST = "$(BUILT_PRODUCTS_DIR)/TodoApp.app/TodoApp";
			};
			name = Debug;
		};
		3AC482B61C6C672F00137FF5 /* Release */ = {
			isa = XCBuildConfiguration;
			buildSettings = {
				BUNDLE_LOADER = "$(TEST_HOST)";
				INFOPLIST_FILE = TodoAppTests/Info.plist;
				LD_RUNPATH_SEARCH_PATHS = "$(inherited) @executable_path/Frameworks @loader_path/Frameworks";
				PRODUCT_BUNDLE_IDENTIFIER = com.sample.TodoAppTests;
				PRODUCT_NAME = "$(TARGET_NAME)";
				TEST_HOST = "$(BUILT_PRODUCTS_DIR)/TodoApp.app/TodoApp";
			};
			name = Release;
		};
		3AC482B81C6C672F00137FF5 /* Debug */ = {
			isa = XCBuildConfiguration;
			buildSettings = {
				INFOPLIST_FILE = TodoAppUITests/Info.plist;
				LD_RUNPATH_SEARCH_PATHS = "$(inherited) @executable_path/Frameworks @loader_path/Frameworks";
				PRODUCT_BUNDLE_IDENTIFIER = com.sample.TodoAppUITests;
				PRODUCT_NAME = "$(TARGET_NAME)";
				TEST_TARGET_NAME = TodoApp;
				USES_XCTRUNNER = YES;
			};
			name = Debug;
		};
		3AC482B91C6C672F00137FF5 /* Release */ = {
			isa = XCBuildConfiguration;
			buildSettings = {
				INFOPLIST_FILE = TodoAppUITests/Info.plist;
				LD_RUNPATH_SEARCH_PATHS = "$(inherited) @executable_path/Frameworks @loader_path/Frameworks";
				PRODUCT_BUNDLE_IDENTIFIER = com.sample.TodoAppUITests;
				PRODUCT_NAME = "$(TARGET_NAME)";
				TEST_TARGET_NAME = TodoApp;
				USES_XCTRUNNER = YES;
			};
			name = Release;
		};
/* End XCBuildConfiguration section */

/* Begin XCConfigurationList section */
		3AC482811C6C672F00137FF5 /* Build configuration list for PBXProject "TodoApp" */ = {
			isa = XCConfigurationList;
			buildConfigurations = (
				3AC482AF1C6C672F00137FF5 /* Debug */,
				3AC482B01C6C672F00137FF5 /* Release */,
			);
			defaultConfigurationIsVisible = 0;
			defaultConfigurationName = Release;
		};
		3AC482B11C6C672F00137FF5 /* Build configuration list for PBXNativeTarget "TodoApp" */ = {
			isa = XCConfigurationList;
			buildConfigurations = (
				3AC482B21C6C672F00137FF5 /* Debug */,
				3AC482B31C6C672F00137FF5 /* Release */,
			);
			defaultConfigurationIsVisible = 0;
			defaultConfigurationName = Release;
		};
		3AC482B41C6C672F00137FF5 /* Build configuration list for PBXNativeTarget "TodoAppTests" */ = {
			isa = XCConfigurationList;
			buildConfigurations = (
				3AC482B51C6C672F00137FF5 /* Debug */,
				3AC482B61C6C672F00137FF5 /* Release */,
			);
			defaultConfigurationIsVisible = 0;
			defaultConfigurationName = Release;
		};
		3AC482B71C6C672F00137FF5 /* Build configuration list for PBXNativeTarget "TodoAppUITests" */ = {
			isa = XCConfigurationList;
			buildConfigurations = (
				3AC482B81C6C672F00137FF5 /* Debug */,
				3AC482B91C6C672F00137FF5 /* Release */,
			);
			defaultConfigurationIsVisible = 0;
			defaultConfigurationName = Release;
		};
/* End XCConfigurationList section */

/* Begin XCVersionGroup section */
		3AC482901C6C672F00137FF5 /* TodoApp.xcdatamodeld */ = {
			isa = XCVersionGroup;
			children = (
				3AC482911C6C672F00137FF5 /* TodoApp.xcdatamodel */,
			);
			currentVersion = 3AC482911C6C672F00137FF5 /* TodoApp.xcdatamodel */;
			path = TodoApp.xcdatamodeld;
			sourceTree = "<group>";
			versionGroupType = wrapper.xcdatamodel;
		};
/* End XCVersionGroup section */
	};
	rootObject = 3AC4827E1C6C672F00137FF5 /* Project object */;
}
